// !$*UTF8*$!
{
	archiveVersion = 1;
	classes = {
	};
	objectVersion = 46;
	objects = {

/* Begin PBXBuildFile section */
		E30F7F7B1F43372D00D06FE5 /* check.png in Resources */ = {isa = PBXBuildFile; fileRef = E30F7F7A1F43372D00D06FE5 /* check.png */; };
		E30F7F7D1F43386600D06FE5 /* insert_comment.png in Resources */ = {isa = PBXBuildFile; fileRef = E30F7F7C1F43386600D06FE5 /* insert_comment.png */; };
		E32CB1D31F4008630080D10D /* CustomAlert.swift in Sources */ = {isa = PBXBuildFile; fileRef = E32CB1D21F4008630080D10D /* CustomAlert.swift */; };
		E36030E61F3E0B18003024B6 /* SingleAlert.storyboard in Resources */ = {isa = PBXBuildFile; fileRef = E36030E51F3E0B18003024B6 /* SingleAlert.storyboard */; };
		E36030F01F3EA847003024B6 /* SingleAlert.swift in Sources */ = {isa = PBXBuildFile; fileRef = E36030EF1F3EA847003024B6 /* SingleAlert.swift */; };
		E36030F21F3EA8BA003024B6 /* Alert.swift in Sources */ = {isa = PBXBuildFile; fileRef = E36030F11F3EA8BA003024B6 /* Alert.swift */; };
		E36030F41F3EC021003024B6 /* DoubleAlert.swift in Sources */ = {isa = PBXBuildFile; fileRef = E36030F31F3EC021003024B6 /* DoubleAlert.swift */; };
		E36030F81F3EC060003024B6 /* DoubleAlert.storyboard in Resources */ = {isa = PBXBuildFile; fileRef = E36030F71F3EC060003024B6 /* DoubleAlert.storyboard */; };
		E3825B611F45E25B00FF9E63 /* AlertView.swift in Sources */ = {isa = PBXBuildFile; fileRef = E3825B601F45E25B00FF9E63 /* AlertView.swift */; };
		E3AA10B51F3DD63D00EC1E8E /* AppDelegate.swift in Sources */ = {isa = PBXBuildFile; fileRef = E3AA10B41F3DD63D00EC1E8E /* AppDelegate.swift */; };
		E3AA10B71F3DD63D00EC1E8E /* ViewController.swift in Sources */ = {isa = PBXBuildFile; fileRef = E3AA10B61F3DD63D00EC1E8E /* ViewController.swift */; };
		E3AA10BA1F3DD63D00EC1E8E /* Main.storyboard in Resources */ = {isa = PBXBuildFile; fileRef = E3AA10B81F3DD63D00EC1E8E /* Main.storyboard */; };
		E3AA10BC1F3DD63D00EC1E8E /* Assets.xcassets in Resources */ = {isa = PBXBuildFile; fileRef = E3AA10BB1F3DD63D00EC1E8E /* Assets.xcassets */; };
		E3AA10BF1F3DD63D00EC1E8E /* LaunchScreen.storyboard in Resources */ = {isa = PBXBuildFile; fileRef = E3AA10BD1F3DD63D00EC1E8E /* LaunchScreen.storyboard */; };
		E3AA10DA1F3DDB8100EC1E8E /* AppSize.swift in Sources */ = {isa = PBXBuildFile; fileRef = E3AA10D91F3DDB8100EC1E8E /* AppSize.swift */; };
		E3F7CF891F4F1F9D00C3BD83 /* SimpleFlatAlert.swift in Sources */ = {isa = PBXBuildFile; fileRef = E3F7CF881F4F1F9D00C3BD83 /* SimpleFlatAlert.swift */; };
/* End PBXBuildFile section */

/* Begin PBXFileReference section */
		E30F7F7A1F43372D00D06FE5 /* check.png */ = {isa = PBXFileReference; lastKnownFileType = image.png; path = check.png; sourceTree = "<group>"; };
		E30F7F7C1F43386600D06FE5 /* insert_comment.png */ = {isa = PBXFileReference; lastKnownFileType = image.png; path = insert_comment.png; sourceTree = "<group>"; };
		E32CB1D21F4008630080D10D /* CustomAlert.swift */ = {isa = PBXFileReference; fileEncoding = 4; lastKnownFileType = sourcecode.swift; path = CustomAlert.swift; sourceTree = "<group>"; };
		E36030E51F3E0B18003024B6 /* SingleAlert.storyboard */ = {isa = PBXFileReference; fileEncoding = 4; lastKnownFileType = file.storyboard; path = SingleAlert.storyboard; sourceTree = "<group>"; };
		E36030EF1F3EA847003024B6 /* SingleAlert.swift */ = {isa = PBXFileReference; fileEncoding = 4; lastKnownFileType = sourcecode.swift; path = SingleAlert.swift; sourceTree = "<group>"; wrapsLines = 0; };
		E36030F11F3EA8BA003024B6 /* Alert.swift */ = {isa = PBXFileReference; fileEncoding = 4; lastKnownFileType = sourcecode.swift; path = Alert.swift; sourceTree = "<group>"; };
		E36030F31F3EC021003024B6 /* DoubleAlert.swift */ = {isa = PBXFileReference; fileEncoding = 4; lastKnownFileType = sourcecode.swift; path = DoubleAlert.swift; sourceTree = "<group>"; };
		E36030F71F3EC060003024B6 /* DoubleAlert.storyboard */ = {isa = PBXFileReference; fileEncoding = 4; lastKnownFileType = file.storyboard; path = DoubleAlert.storyboard; sourceTree = "<group>"; };
		E3825B601F45E25B00FF9E63 /* AlertView.swift */ = {isa = PBXFileReference; fileEncoding = 4; lastKnownFileType = sourcecode.swift; path = AlertView.swift; sourceTree = "<group>"; };
		E3AA10B11F3DD63D00EC1E8E /* simpleCustomAlert.app */ = {isa = PBXFileReference; explicitFileType = wrapper.application; includeInIndex = 0; path = simpleCustomAlert.app; sourceTree = BUILT_PRODUCTS_DIR; };
		E3AA10B41F3DD63D00EC1E8E /* AppDelegate.swift */ = {isa = PBXFileReference; lastKnownFileType = sourcecode.swift; path = AppDelegate.swift; sourceTree = "<group>"; };
		E3AA10B61F3DD63D00EC1E8E /* ViewController.swift */ = {isa = PBXFileReference; lastKnownFileType = sourcecode.swift; path = ViewController.swift; sourceTree = "<group>"; };
		E3AA10B91F3DD63D00EC1E8E /* Base */ = {isa = PBXFileReference; lastKnownFileType = file.storyboard; name = Base; path = Base.lproj/Main.storyboard; sourceTree = "<group>"; };
		E3AA10BB1F3DD63D00EC1E8E /* Assets.xcassets */ = {isa = PBXFileReference; lastKnownFileType = folder.assetcatalog; path = Assets.xcassets; sourceTree = "<group>"; };
		E3AA10BE1F3DD63D00EC1E8E /* Base */ = {isa = PBXFileReference; lastKnownFileType = file.storyboard; name = Base; path = Base.lproj/LaunchScreen.storyboard; sourceTree = "<group>"; };
		E3AA10C01F3DD63D00EC1E8E /* Info.plist */ = {isa = PBXFileReference; lastKnownFileType = text.plist.xml; path = Info.plist; sourceTree = "<group>"; };
		E3AA10D91F3DDB8100EC1E8E /* AppSize.swift */ = {isa = PBXFileReference; fileEncoding = 4; lastKnownFileType = sourcecode.swift; path = AppSize.swift; sourceTree = "<group>"; };
		E3F7CF881F4F1F9D00C3BD83 /* SimpleFlatAlert.swift */ = {isa = PBXFileReference; fileEncoding = 4; lastKnownFileType = sourcecode.swift; path = SimpleFlatAlert.swift; sourceTree = "<group>"; };
/* End PBXFileReference section */

/* Begin PBXFrameworksBuildPhase section */
		E3AA10AE1F3DD63C00EC1E8E /* Frameworks */ = {
			isa = PBXFrameworksBuildPhase;
			buildActionMask = 2147483647;
			files = (
			);
			runOnlyForDeploymentPostprocessing = 0;
		};
/* End PBXFrameworksBuildPhase section */

/* Begin PBXGroup section */
		E36030ED1F3EA815003024B6 /* SingleAlert */ = {
			isa = PBXGroup;
			children = (
				E36030EF1F3EA847003024B6 /* SingleAlert.swift */,
				E36030E51F3E0B18003024B6 /* SingleAlert.storyboard */,
			);
			path = SingleAlert;
			sourceTree = "<group>";
		};
		E36030EE1F3EA81D003024B6 /* DoubleAlert */ = {
			isa = PBXGroup;
			children = (
				E36030F31F3EC021003024B6 /* DoubleAlert.swift */,
				E36030F71F3EC060003024B6 /* DoubleAlert.storyboard */,
			);
			path = DoubleAlert;
			sourceTree = "<group>";
		};
		E3825B621F45E68700FF9E63 /* Alert */ = {
			isa = PBXGroup;
			children = (
				E36030F11F3EA8BA003024B6 /* Alert.swift */,
				E3825B601F45E25B00FF9E63 /* AlertView.swift */,
				E3F7CF881F4F1F9D00C3BD83 /* SimpleFlatAlert.swift */,
			);
			path = Alert;
			sourceTree = "<group>";
		};
		E3AA10A81F3DD63C00EC1E8E = {
			isa = PBXGroup;
			children = (
				E3AA10B21F3DD63D00EC1E8E /* Products */,
				E3AA10B31F3DD63D00EC1E8E /* simpleCustomAlert */,
			);
			sourceTree = "<group>";
		};
		E3AA10B21F3DD63D00EC1E8E /* Products */ = {
			isa = PBXGroup;
			children = (
				E3AA10B11F3DD63D00EC1E8E /* simpleCustomAlert.app */,
			);
			name = Products;
			sourceTree = "<group>";
		};
		E3AA10B31F3DD63D00EC1E8E /* simpleCustomAlert */ = {
			isa = PBXGroup;
			children = (
				E3825B621F45E68700FF9E63 /* Alert */,
				E3AA10D71F3DD81A00EC1E8E /* simpleCustomAlert */,
				E3AA10D81F3DD83400EC1E8E /* images */,
				E3AA10B41F3DD63D00EC1E8E /* AppDelegate.swift */,
				E3AA10D91F3DDB8100EC1E8E /* AppSize.swift */,
				E3AA10B61F3DD63D00EC1E8E /* ViewController.swift */,
				E3AA10BB1F3DD63D00EC1E8E /* Assets.xcassets */,
				E3AA10C01F3DD63D00EC1E8E /* Info.plist */,
				E3AA10BD1F3DD63D00EC1E8E /* LaunchScreen.storyboard */,
				E3AA10B81F3DD63D00EC1E8E /* Main.storyboard */,
			);
			path = simpleCustomAlert;
			sourceTree = "<group>";
		};
		E3AA10D71F3DD81A00EC1E8E /* simpleCustomAlert */ = {
			isa = PBXGroup;
			children = (
				E36030EE1F3EA81D003024B6 /* DoubleAlert */,
				E36030ED1F3EA815003024B6 /* SingleAlert */,
				E32CB1D21F4008630080D10D /* CustomAlert.swift */,
			);
			path = simpleCustomAlert;
			sourceTree = "<group>";
		};
		E3AA10D81F3DD83400EC1E8E /* images */ = {
			isa = PBXGroup;
			children = (
				E30F7F7A1F43372D00D06FE5 /* check.png */,
				E30F7F7C1F43386600D06FE5 /* insert_comment.png */,
			);
			path = images;
			sourceTree = "<group>";
		};
/* End PBXGroup section */

/* Begin PBXNativeTarget section */
		E3AA10B01F3DD63C00EC1E8E /* simpleCustomAlert */ = {
			isa = PBXNativeTarget;
			buildConfigurationList = E3AA10C31F3DD63D00EC1E8E /* Build configuration list for PBXNativeTarget "simpleCustomAlert" */;
			buildPhases = (
				E3AA10AD1F3DD63C00EC1E8E /* Sources */,
				E3AA10AE1F3DD63C00EC1E8E /* Frameworks */,
				E3AA10AF1F3DD63C00EC1E8E /* Resources */,
			);
			buildRules = (
			);
			dependencies = (
			);
			name = simpleCustomAlert;
			productName = simpleCustomAlert;
			productReference = E3AA10B11F3DD63D00EC1E8E /* simpleCustomAlert.app */;
			productType = "com.apple.product-type.application";
		};
/* End PBXNativeTarget section */

/* Begin PBXProject section */
		E3AA10A91F3DD63C00EC1E8E /* Project object */ = {
			isa = PBXProject;
			attributes = {
				LastSwiftUpdateCheck = 0830;
				LastUpgradeCheck = 0830;
				ORGANIZATIONNAME = "ryo kagaya";
				TargetAttributes = {
					E3AA10B01F3DD63C00EC1E8E = {
						CreatedOnToolsVersion = 8.3.1;
						DevelopmentTeam = 8S39MY764C;
						ProvisioningStyle = Automatic;
					};
				};
			};
			buildConfigurationList = E3AA10AC1F3DD63C00EC1E8E /* Build configuration list for PBXProject "simpleCustomAlert" */;
			compatibilityVersion = "Xcode 3.2";
			developmentRegion = English;
			hasScannedForEncodings = 0;
			knownRegions = (
				en,
				Base,
			);
			mainGroup = E3AA10A81F3DD63C00EC1E8E;
			productRefGroup = E3AA10B21F3DD63D00EC1E8E /* Products */;
			projectDirPath = "";
			projectRoot = "";
			targets = (
				E3AA10B01F3DD63C00EC1E8E /* simpleCustomAlert */,
			);
		};
/* End PBXProject section */

/* Begin PBXResourcesBuildPhase section */
		E3AA10AF1F3DD63C00EC1E8E /* Resources */ = {
			isa = PBXResourcesBuildPhase;
			buildActionMask = 2147483647;
			files = (
				E36030F81F3EC060003024B6 /* DoubleAlert.storyboard in Resources */,
				E3AA10BF1F3DD63D00EC1E8E /* LaunchScreen.storyboard in Resources */,
				E30F7F7B1F43372D00D06FE5 /* check.png in Resources */,
				E3AA10BC1F3DD63D00EC1E8E /* Assets.xcassets in Resources */,
				E30F7F7D1F43386600D06FE5 /* insert_comment.png in Resources */,
				E36030E61F3E0B18003024B6 /* SingleAlert.storyboard in Resources */,
				E3AA10BA1F3DD63D00EC1E8E /* Main.storyboard in Resources */,
			);
			runOnlyForDeploymentPostprocessing = 0;
		};
/* End PBXResourcesBuildPhase section */

/* Begin PBXSourcesBuildPhase section */
		E3AA10AD1F3DD63C00EC1E8E /* Sources */ = {
			isa = PBXSourcesBuildPhase;
			buildActionMask = 2147483647;
			files = (
				E3F7CF891F4F1F9D00C3BD83 /* SimpleFlatAlert.swift in Sources */,
				E36030F21F3EA8BA003024B6 /* Alert.swift in Sources */,
				E3AA10B71F3DD63D00EC1E8E /* ViewController.swift in Sources */,
				E36030F41F3EC021003024B6 /* DoubleAlert.swift in Sources */,
				E3AA10DA1F3DDB8100EC1E8E /* AppSize.swift in Sources */,
				E36030F01F3EA847003024B6 /* SingleAlert.swift in Sources */,
				E3825B611F45E25B00FF9E63 /* AlertView.swift in Sources */,
				E3AA10B51F3DD63D00EC1E8E /* AppDelegate.swift in Sources */,
				E32CB1D31F4008630080D10D /* CustomAlert.swift in Sources */,
			);
			runOnlyForDeploymentPostprocessing = 0;
		};
/* End PBXSourcesBuildPhase section */

/* Begin PBXVariantGroup section */
		E3AA10B81F3DD63D00EC1E8E /* Main.storyboard */ = {
			isa = PBXVariantGroup;
			children = (
				E3AA10B91F3DD63D00EC1E8E /* Base */,
			);
			name = Main.storyboard;
			path = .;
			sourceTree = "<group>";
		};
		E3AA10BD1F3DD63D00EC1E8E /* LaunchScreen.storyboard */ = {
			isa = PBXVariantGroup;
			children = (
				E3AA10BE1F3DD63D00EC1E8E /* Base */,
			);
			name = LaunchScreen.storyboard;
			path = .;
			sourceTree = "<group>";
		};
/* End PBXVariantGroup section */

/* Begin XCBuildConfiguration section */
		E3AA10C11F3DD63D00EC1E8E /* Debug */ = {
			isa = XCBuildConfiguration;
			buildSettings = {
				ALWAYS_SEARCH_USER_PATHS = NO;
				CLANG_ANALYZER_NONNULL = YES;
				CLANG_ANALYZER_NUMBER_OBJECT_CONVERSION = YES_AGGRESSIVE;
				CLANG_CXX_LANGUAGE_STANDARD = "gnu++0x";
				CLANG_CXX_LIBRARY = "libc++";
				CLANG_ENABLE_MODULES = YES;
				CLANG_ENABLE_OBJC_ARC = YES;
				CLANG_WARN_BOOL_CONVERSION = YES;
				CLANG_WARN_CONSTANT_CONVERSION = YES;
				CLANG_WARN_DIRECT_OBJC_ISA_USAGE = YES_ERROR;
				CLANG_WARN_DOCUMENTATION_COMMENTS = YES;
				CLANG_WARN_EMPTY_BODY = YES;
				CLANG_WARN_ENUM_CONVERSION = YES;
				CLANG_WARN_INFINITE_RECURSION = YES;
				CLANG_WARN_INT_CONVERSION = YES;
				CLANG_WARN_OBJC_ROOT_CLASS = YES_ERROR;
				CLANG_WARN_SUSPICIOUS_MOVE = YES;
				CLANG_WARN_UNREACHABLE_CODE = YES;
				CLANG_WARN__DUPLICATE_METHOD_MATCH = YES;
				"CODE_SIGN_IDENTITY[sdk=iphoneos*]" = "iPhone Developer";
				COPY_PHASE_STRIP = NO;
				DEBUG_INFORMATION_FORMAT = dwarf;
				ENABLE_STRICT_OBJC_MSGSEND = YES;
				ENABLE_TESTABILITY = YES;
				GCC_C_LANGUAGE_STANDARD = gnu99;
				GCC_DYNAMIC_NO_PIC = NO;
				GCC_NO_COMMON_BLOCKS = YES;
				GCC_OPTIMIZATION_LEVEL = 0;
				GCC_PREPROCESSOR_DEFINITIONS = (
					"DEBUG=1",
					"$(inherited)",
				);
				GCC_WARN_64_TO_32_BIT_CONVERSION = YES;
				GCC_WARN_ABOUT_RETURN_TYPE = YES_ERROR;
				GCC_WARN_UNDECLARED_SELECTOR = YES;
				GCC_WARN_UNINITIALIZED_AUTOS = YES_AGGRESSIVE;
				GCC_WARN_UNUSED_FUNCTION = YES;
				GCC_WARN_UNUSED_VARIABLE = YES;
				IPHONEOS_DEPLOYMENT_TARGET = 10.3;
				MTL_ENABLE_DEBUG_INFO = YES;
				ONLY_ACTIVE_ARCH = YES;
				SDKROOT = iphoneos;
				SWIFT_ACTIVE_COMPILATION_CONDITIONS = DEBUG;
				SWIFT_OPTIMIZATION_LEVEL = "-Onone";
			};
			name = Debug;
		};
		E3AA10C21F3DD63D00EC1E8E /* Release */ = {
			isa = XCBuildConfiguration;
			buildSettings = {
				ALWAYS_SEARCH_USER_PATHS = NO;
				CLANG_ANALYZER_NONNULL = YES;
				CLANG_ANALYZER_NUMBER_OBJECT_CONVERSION = YES_AGGRESSIVE;
				CLANG_CXX_LANGUAGE_STANDARD = "gnu++0x";
				CLANG_CXX_LIBRARY = "libc++";
				CLANG_ENABLE_MODULES = YES;
				CLANG_ENABLE_OBJC_ARC = YES;
				CLANG_WARN_BOOL_CONVERSION = YES;
				CLANG_WARN_CONSTANT_CONVERSION = YES;
				CLANG_WARN_DIRECT_OBJC_ISA_USAGE = YES_ERROR;
				CLANG_WARN_DOCUMENTATION_COMMENTS = YES;
				CLANG_WARN_EMPTY_BODY = YES;
				CLANG_WARN_ENUM_CONVERSION = YES;
				CLANG_WARN_INFINITE_RECURSION = YES;
				CLANG_WARN_INT_CONVERSION = YES;
				CLANG_WARN_OBJC_ROOT_CLASS = YES_ERROR;
				CLANG_WARN_SUSPICIOUS_MOVE = YES;
				CLANG_WARN_UNREACHABLE_CODE = YES;
				CLANG_WARN__DUPLICATE_METHOD_MATCH = YES;
				"CODE_SIGN_IDENTITY[sdk=iphoneos*]" = "iPhone Developer";
				COPY_PHASE_STRIP = NO;
				DEBUG_INFORMATION_FORMAT = "dwarf-with-dsym";
				ENABLE_NS_ASSERTIONS = NO;
				ENABLE_STRICT_OBJC_MSGSEND = YES;
				GCC_C_LANGUAGE_STANDARD = gnu99;
				GCC_NO_COMMON_BLOCKS = YES;
				GCC_WARN_64_TO_32_BIT_CONVERSION = YES;
				GCC_WARN_ABOUT_RETURN_TYPE = YES_ERROR;
				GCC_WARN_UNDECLARED_SELECTOR = YES;
				GCC_WARN_UNINITIALIZED_AUTOS = YES_AGGRESSIVE;
				GCC_WARN_UNUSED_FUNCTION = YES;
				GCC_WARN_UNUSED_VARIABLE = YES;
				IPHONEOS_DEPLOYMENT_TARGET = 10.3;
				MTL_ENABLE_DEBUG_INFO = NO;
				SDKROOT = iphoneos;
				SWIFT_OPTIMIZATION_LEVEL = "-Owholemodule";
				VALIDATE_PRODUCT = YES;
			};
			name = Release;
		};
		E3AA10C41F3DD63D00EC1E8E /* Debug */ = {
			isa = XCBuildConfiguration;
			buildSettings = {
				ASSETCATALOG_COMPILER_APPICON_NAME = AppIcon;
				DEVELOPMENT_TEAM = 8S39MY764C;
				INFOPLIST_FILE = simpleCustomAlert/Info.plist;
				LD_RUNPATH_SEARCH_PATHS = "$(inherited) @executable_path/Frameworks";
				PRODUCT_BUNDLE_IDENTIFIER = com.ryokagaya.simpleCustomAlert;
				PRODUCT_NAME = "$(TARGET_NAME)";
				SWIFT_VERSION = 3.0;
			};
			name = Debug;
		};
		E3AA10C51F3DD63D00EC1E8E /* Release */ = {
			isa = XCBuildConfiguration;
			buildSettings = {
				ASSETCATALOG_COMPILER_APPICON_NAME = AppIcon;
				DEVELOPMENT_TEAM = 8S39MY764C;
				INFOPLIST_FILE = simpleCustomAlert/Info.plist;
				LD_RUNPATH_SEARCH_PATHS = "$(inherited) @executable_path/Frameworks";
				PRODUCT_BUNDLE_IDENTIFIER = com.ryokagaya.simpleCustomAlert;
				PRODUCT_NAME = "$(TARGET_NAME)";
				SWIFT_VERSION = 3.0;
			};
			name = Release;
		};
/* End XCBuildConfiguration section */

/* Begin XCConfigurationList section */
		E3AA10AC1F3DD63C00EC1E8E /* Build configuration list for PBXProject "simpleCustomAlert" */ = {
			isa = XCConfigurationList;
			buildConfigurations = (
				E3AA10C11F3DD63D00EC1E8E /* Debug */,
				E3AA10C21F3DD63D00EC1E8E /* Release */,
			);
			defaultConfigurationIsVisible = 0;
			defaultConfigurationName = Release;
		};
		E3AA10C31F3DD63D00EC1E8E /* Build configuration list for PBXNativeTarget "simpleCustomAlert" */ = {
			isa = XCConfigurationList;
			buildConfigurations = (
				E3AA10C41F3DD63D00EC1E8E /* Debug */,
				E3AA10C51F3DD63D00EC1E8E /* Release */,
			);
			defaultConfigurationIsVisible = 0;
			defaultConfigurationName = Release;
		};
/* End XCConfigurationList section */
	};
	rootObject = E3AA10A91F3DD63C00EC1E8E /* Project object */;
}
